
Microsoft Visual Studio Solution File, Format Version 12.00
# Visual Studio Version 17
VisualStudioVersion = 17.4.33213.308
MinimumVisualStudioVersion = 10.0.40219.1
Project("{2150E333-8FDC-42A3-9474-1A3956D46DE8}") = "2 - Api", "2 - Api", "{9BD0B701-8938-47B7-9310-410F72171C27}"
EndProject
Project("{9A19103F-16F7-4668-BE54-9A1E7A4F7556}") = "Api", "Api\Api.csproj", "{384DB7AC-4918-4ABD-9C12-5F673FFB200D}"
EndProject
Project("{2150E333-8FDC-42A3-9474-1A3956D46DE8}") = "3 - Service", "3 - Service", "{D9F59369-1816-4FAE-B71F-637741B12872}"
EndProject
Project("{9A19103F-16F7-4668-BE54-9A1E7A4F7556}") = "Service", "Service\Service.csproj", "{808B5265-CBA4-4A6F-84B4-78833C9C6418}"
EndProject
Project("{2150E333-8FDC-42A3-9474-1A3956D46DE8}") = "5 - Infra", "5 - Infra", "{F4693E98-387E-4804-A818-FEC59FEDD41C}"
EndProject
Project("{2150E333-8FDC-42A3-9474-1A3956D46DE8}") = "6 - Tests", "6 - Tests", "{4DC3351F-0B20-4D5E-8727-3730DF7A9B88}"
EndProject
Project("{9A19103F-16F7-4668-BE54-9A1E7A4F7556}") = "Tests", "Tests\Tests.csproj", "{B3EB0A49-B7AE-4A6B-9986-A6A9F5776174}"
EndProject
Project("{2150E333-8FDC-42A3-9474-1A3956D46DE8}") = "1 - Domain", "1 - Domain", "{78A450D9-55B2-4D2A-8B3F-CE72C0279B19}"
EndProject
Project("{9A19103F-16F7-4668-BE54-9A1E7A4F7556}") = "Domain", "Domain\Domain.csproj", "{C05FCFDC-AC50-4941-8195-3283A862A78D}"
EndProject
Project("{9A19103F-16F7-4668-BE54-9A1E7A4F7556}") = "Helper", "Helper\Helper.csproj", "{73EECDB1-ED6A-4E29-AB40-8D9496D27294}"
EndProject
Project("{2150E333-8FDC-42A3-9474-1A3956D46DE8}") = "4 - Helper", "4 - Helper", "{A8DD7C3D-B5F4-4702-B368-99EE789BC39D}"
EndProject
Project("{9A19103F-16F7-4668-BE54-9A1E7A4F7556}") = "Infra", "Infra\Infra.csproj", "{6DE8715D-17EF-4DDA-926C-8A659DD2C5F5}"
EndProject
Project("{2150E333-8FDC-42A3-9474-1A3956D46DE8}") = "Solution Items", "Solution Items", "{8EC462FD-D22E-90A8-E5CE-7E832BA40C5D}"
	ProjectSection(SolutionItems) = preProject
		..\.gitignore = ..\.gitignore
		..\CLAUDE.md = ..\CLAUDE.md
		..\colinha.txt = ..\colinha.txt
		..\devops\Dockerfile = ..\devops\Dockerfile
		..\readme.md = ..\readme.md
	EndProjectSection
EndProject
Project("{FAE04EC0-301F-11D3-BF4B-00C04F79EFBC}") = "infra-sql-server", "infra-sql-server\infra-sql-server.csproj", "{28BD869F-529E-45A7-890A-ADAD9757EF07}"
EndProject
Project("{FAE04EC0-301F-11D3-BF4B-00C04F79EFBC}") = "infra-postgres", "infra-postgres\infra-postgres.csproj", "{E5212369-D3BF-4253-AC2C-BD792D9253D6}"
EndProject
Project("{FAE04EC0-301F-11D3-BF4B-00C04F79EFBC}") = "infra-sqlite", "infra-sqlite\infra-sqlite.csproj", "{C4D480E7-164E-4001-AFEF-CFD95EC7DC4E}"
EndProject
Project("{2150E333-8FDC-42A3-9474-1A3956D46DE8}") = "NewFolder1", "NewFolder1", "{02EA681E-C7D8-13C7-8484-4AC65E1B71E8}"
EndProject
Global
	GlobalSection(SolutionConfigurationPlatforms) = preSolution
		Debug|Any CPU = Debug|Any CPU
		Debug|x64 = Debug|x64
		Debug|x86 = Debug|x86
		Release|Any CPU = Release|Any CPU
		Release|x64 = Release|x64
		Release|x86 = Release|x86
	EndGlobalSection
	GlobalSection(ProjectConfigurationPlatforms) = postSolution
		{384DB7AC-4918-4ABD-9C12-5F673FFB200D}.Debug|Any CPU.ActiveCfg = Debug|Any CPU
		{384DB7AC-4918-4ABD-9C12-5F673FFB200D}.Debug|Any CPU.Build.0 = Debug|Any CPU
		{384DB7AC-4918-4ABD-9C12-5F673FFB200D}.Debug|x64.ActiveCfg = Debug|Any CPU
		{384DB7AC-4918-4ABD-9C12-5F673FFB200D}.Debug|x64.Build.0 = Debug|Any CPU
		{384DB7AC-4918-4ABD-9C12-5F673FFB200D}.Debug|x86.ActiveCfg = Debug|Any CPU
		{384DB7AC-4918-4ABD-9C12-5F673FFB200D}.Debug|x86.Build.0 = Debug|Any CPU
		{384DB7AC-4918-4ABD-9C12-5F673FFB200D}.Release|Any CPU.ActiveCfg = Release|Any CPU
		{384DB7AC-4918-4ABD-9C12-5F673FFB200D}.Release|Any CPU.Build.0 = Release|Any CPU
		{384DB7AC-4918-4ABD-9C12-5F673FFB200D}.Release|x64.ActiveCfg = Release|Any CPU
		{384DB7AC-4918-4ABD-9C12-5F673FFB200D}.Release|x64.Build.0 = Release|Any CPU
		{384DB7AC-4918-4ABD-9C12-5F673FFB200D}.Release|x86.ActiveCfg = Release|Any CPU
		{384DB7AC-4918-4ABD-9C12-5F673FFB200D}.Release|x86.Build.0 = Release|Any CPU
		{808B5265-CBA4-4A6F-84B4-78833C9C6418}.Debug|Any CPU.ActiveCfg = Debug|Any CPU
		{808B5265-CBA4-4A6F-84B4-78833C9C6418}.Debug|Any CPU.Build.0 = Debug|Any CPU
		{808B5265-CBA4-4A6F-84B4-78833C9C6418}.Debug|x64.ActiveCfg = Debug|Any CPU
		{808B5265-CBA4-4A6F-84B4-78833C9C6418}.Debug|x64.Build.0 = Debug|Any CPU
		{808B5265-CBA4-4A6F-84B4-78833C9C6418}.Debug|x86.ActiveCfg = Debug|Any CPU
		{808B5265-CBA4-4A6F-84B4-78833C9C6418}.Debug|x86.Build.0 = Debug|Any CPU
		{808B5265-CBA4-4A6F-84B4-78833C9C6418}.Release|Any CPU.ActiveCfg = Release|Any CPU
		{808B5265-CBA4-4A6F-84B4-78833C9C6418}.Release|Any CPU.Build.0 = Release|Any CPU
		{808B5265-CBA4-4A6F-84B4-78833C9C6418}.Release|x64.ActiveCfg = Release|Any CPU
		{808B5265-CBA4-4A6F-84B4-78833C9C6418}.Release|x64.Build.0 = Release|Any CPU
		{808B5265-CBA4-4A6F-84B4-78833C9C6418}.Release|x86.ActiveCfg = Release|Any CPU
		{808B5265-CBA4-4A6F-84B4-78833C9C6418}.Release|x86.Build.0 = Release|Any CPU
		{B3EB0A49-B7AE-4A6B-9986-A6A9F5776174}.Debug|Any CPU.ActiveCfg = Debug|Any CPU
		{B3EB0A49-B7AE-4A6B-9986-A6A9F5776174}.Debug|Any CPU.Build.0 = Debug|Any CPU
		{B3EB0A49-B7AE-4A6B-9986-A6A9F5776174}.Debug|x64.ActiveCfg = Debug|Any CPU
		{B3EB0A49-B7AE-4A6B-9986-A6A9F5776174}.Debug|x64.Build.0 = Debug|Any CPU
		{B3EB0A49-B7AE-4A6B-9986-A6A9F5776174}.Debug|x86.ActiveCfg = Debug|Any CPU
		{B3EB0A49-B7AE-4A6B-9986-A6A9F5776174}.Debug|x86.Build.0 = Debug|Any CPU
		{B3EB0A49-B7AE-4A6B-9986-A6A9F5776174}.Release|Any CPU.ActiveCfg = Release|Any CPU
		{B3EB0A49-B7AE-4A6B-9986-A6A9F5776174}.Release|Any CPU.Build.0 = Release|Any CPU
		{B3EB0A49-B7AE-4A6B-9986-A6A9F5776174}.Release|x64.ActiveCfg = Release|Any CPU
		{B3EB0A49-B7AE-4A6B-9986-A6A9F5776174}.Release|x64.Build.0 = Release|Any CPU
		{B3EB0A49-B7AE-4A6B-9986-A6A9F5776174}.Release|x86.ActiveCfg = Release|Any CPU
		{B3EB0A49-B7AE-4A6B-9986-A6A9F5776174}.Release|x86.Build.0 = Release|Any CPU
		{C05FCFDC-AC50-4941-8195-3283A862A78D}.Debug|Any CPU.ActiveCfg = Debug|Any CPU
		{C05FCFDC-AC50-4941-8195-3283A862A78D}.Debug|Any CPU.Build.0 = Debug|Any CPU
		{C05FCFDC-AC50-4941-8195-3283A862A78D}.Debug|x64.ActiveCfg = Debug|Any CPU
		{C05FCFDC-AC50-4941-8195-3283A862A78D}.Debug|x64.Build.0 = Debug|Any CPU
		{C05FCFDC-AC50-4941-8195-3283A862A78D}.Debug|x86.ActiveCfg = Debug|Any CPU
		{C05FCFDC-AC50-4941-8195-3283A862A78D}.Debug|x86.Build.0 = Debug|Any CPU
		{C05FCFDC-AC50-4941-8195-3283A862A78D}.Release|Any CPU.ActiveCfg = Release|Any CPU
		{C05FCFDC-AC50-4941-8195-3283A862A78D}.Release|Any CPU.Build.0 = Release|Any CPU
		{C05FCFDC-AC50-4941-8195-3283A862A78D}.Release|x64.ActiveCfg = Release|Any CPU
		{C05FCFDC-AC50-4941-8195-3283A862A78D}.Release|x64.Build.0 = Release|Any CPU
		{C05FCFDC-AC50-4941-8195-3283A862A78D}.Release|x86.ActiveCfg = Release|Any CPU
		{C05FCFDC-AC50-4941-8195-3283A862A78D}.Release|x86.Build.0 = Release|Any CPU
		{73EECDB1-ED6A-4E29-AB40-8D9496D27294}.Debug|Any CPU.ActiveCfg = Debug|Any CPU
		{73EECDB1-ED6A-4E29-AB40-8D9496D27294}.Debug|Any CPU.Build.0 = Debug|Any CPU
		{73EECDB1-ED6A-4E29-AB40-8D9496D27294}.Debug|x64.ActiveCfg = Debug|Any CPU
		{73EECDB1-ED6A-4E29-AB40-8D9496D27294}.Debug|x64.Build.0 = Debug|Any CPU
		{73EECDB1-ED6A-4E29-AB40-8D9496D27294}.Debug|x86.ActiveCfg = Debug|Any CPU
		{73EECDB1-ED6A-4E29-AB40-8D9496D27294}.Debug|x86.Build.0 = Debug|Any CPU
		{73EECDB1-ED6A-4E29-AB40-8D9496D27294}.Release|Any CPU.ActiveCfg = Release|Any CPU
		{73EECDB1-ED6A-4E29-AB40-8D9496D27294}.Release|Any CPU.Build.0 = Release|Any CPU
		{73EECDB1-ED6A-4E29-AB40-8D9496D27294}.Release|x64.ActiveCfg = Release|Any CPU
		{73EECDB1-ED6A-4E29-AB40-8D9496D27294}.Release|x64.Build.0 = Release|Any CPU
		{73EECDB1-ED6A-4E29-AB40-8D9496D27294}.Release|x86.ActiveCfg = Release|Any CPU
		{73EECDB1-ED6A-4E29-AB40-8D9496D27294}.Release|x86.Build.0 = Release|Any CPU
		{6DE8715D-17EF-4DDA-926C-8A659DD2C5F5}.Debug|Any CPU.ActiveCfg = Debug|Any CPU
		{6DE8715D-17EF-4DDA-926C-8A659DD2C5F5}.Debug|Any CPU.Build.0 = Debug|Any CPU
		{6DE8715D-17EF-4DDA-926C-8A659DD2C5F5}.Debug|x64.ActiveCfg = Debug|Any CPU
		{6DE8715D-17EF-4DDA-926C-8A659DD2C5F5}.Debug|x64.Build.0 = Debug|Any CPU
		{6DE8715D-17EF-4DDA-926C-8A659DD2C5F5}.Debug|x86.ActiveCfg = Debug|Any CPU
		{6DE8715D-17EF-4DDA-926C-8A659DD2C5F5}.Debug|x86.Build.0 = Debug|Any CPU
		{6DE8715D-17EF-4DDA-926C-8A659DD2C5F5}.Release|Any CPU.ActiveCfg = Release|Any CPU
		{6DE8715D-17EF-4DDA-926C-8A659DD2C5F5}.Release|Any CPU.Build.0 = Release|Any CPU
		{6DE8715D-17EF-4DDA-926C-8A659DD2C5F5}.Release|x64.ActiveCfg = Release|Any CPU
		{6DE8715D-17EF-4DDA-926C-8A659DD2C5F5}.Release|x64.Build.0 = Release|Any CPU
		{6DE8715D-17EF-4DDA-926C-8A659DD2C5F5}.Release|x86.ActiveCfg = Release|Any CPU
		{6DE8715D-17EF-4DDA-926C-8A659DD2C5F5}.Release|x86.Build.0 = Release|Any CPU
		{28BD869F-529E-45A7-890A-ADAD9757EF07}.Debug|Any CPU.ActiveCfg = Debug|Any CPU
		{28BD869F-529E-45A7-890A-ADAD9757EF07}.Debug|Any CPU.Build.0 = Debug|Any CPU
		{28BD869F-529E-45A7-890A-ADAD9757EF07}.Debug|x64.ActiveCfg = Debug|Any CPU
		{28BD869F-529E-45A7-890A-ADAD9757EF07}.Debug|x64.Build.0 = Debug|Any CPU
		{28BD869F-529E-45A7-890A-ADAD9757EF07}.Debug|x86.ActiveCfg = Debug|Any CPU
		{28BD869F-529E-45A7-890A-ADAD9757EF07}.Debug|x86.Build.0 = Debug|Any CPU
		{28BD869F-529E-45A7-890A-ADAD9757EF07}.Release|Any CPU.ActiveCfg = Release|Any CPU
		{28BD869F-529E-45A7-890A-ADAD9757EF07}.Release|Any CPU.Build.0 = Release|Any CPU
		{28BD869F-529E-45A7-890A-ADAD9757EF07}.Release|x64.ActiveCfg = Release|Any CPU
		{28BD869F-529E-45A7-890A-ADAD9757EF07}.Release|x64.Build.0 = Release|Any CPU
		{28BD869F-529E-45A7-890A-ADAD9757EF07}.Release|x86.ActiveCfg = Release|Any CPU
		{28BD869F-529E-45A7-890A-ADAD9757EF07}.Release|x86.Build.0 = Release|Any CPU
		{E5212369-D3BF-4253-AC2C-BD792D9253D6}.Debug|Any CPU.ActiveCfg = Debug|Any CPU
		{E5212369-D3BF-4253-AC2C-BD792D9253D6}.Debug|Any CPU.Build.0 = Debug|Any CPU
		{E5212369-D3BF-4253-AC2C-BD792D9253D6}.Debug|x64.ActiveCfg = Debug|Any CPU
		{E5212369-D3BF-4253-AC2C-BD792D9253D6}.Debug|x64.Build.0 = Debug|Any CPU
		{E5212369-D3BF-4253-AC2C-BD792D9253D6}.Debug|x86.ActiveCfg = Debug|Any CPU
		{E5212369-D3BF-4253-AC2C-BD792D9253D6}.Debug|x86.Build.0 = Debug|Any CPU
		{E5212369-D3BF-4253-AC2C-BD792D9253D6}.Release|Any CPU.ActiveCfg = Release|Any CPU
		{E5212369-D3BF-4253-AC2C-BD792D9253D6}.Release|Any CPU.Build.0 = Release|Any CPU
		{E5212369-D3BF-4253-AC2C-BD792D9253D6}.Release|x64.ActiveCfg = Release|Any CPU
		{E5212369-D3BF-4253-AC2C-BD792D9253D6}.Release|x64.Build.0 = Release|Any CPU
		{E5212369-D3BF-4253-AC2C-BD792D9253D6}.Release|x86.ActiveCfg = Release|Any CPU
		{E5212369-D3BF-4253-AC2C-BD792D9253D6}.Release|x86.Build.0 = Release|Any CPU
		{C4D480E7-164E-4001-AFEF-CFD95EC7DC4E}.Debug|Any CPU.ActiveCfg = Debug|Any CPU
		{C4D480E7-164E-4001-AFEF-CFD95EC7DC4E}.Debug|Any CPU.Build.0 = Debug|Any CPU
		{C4D480E7-164E-4001-AFEF-CFD95EC7DC4E}.Debug|x64.ActiveCfg = Debug|Any CPU
		{C4D480E7-164E-4001-AFEF-CFD95EC7DC4E}.Debug|x64.Build.0 = Debug|Any CPU
		{C4D480E7-164E-4001-AFEF-CFD95EC7DC4E}.Debug|x86.ActiveCfg = Debug|Any CPU
		{C4D480E7-164E-4001-AFEF-CFD95EC7DC4E}.Debug|x86.Build.0 = Debug|Any CPU
		{C4D480E7-164E-4001-AFEF-CFD95EC7DC4E}.Release|Any CPU.ActiveCfg = Release|Any CPU
		{C4D480E7-164E-4001-AFEF-CFD95EC7DC4E}.Release|Any CPU.Build.0 = Release|Any CPU
		{C4D480E7-164E-4001-AFEF-CFD95EC7DC4E}.Release|x64.ActiveCfg = Release|Any CPU
		{C4D480E7-164E-4001-AFEF-CFD95EC7DC4E}.Release|x64.Build.0 = Release|Any CPU
		{C4D480E7-164E-4001-AFEF-CFD95EC7DC4E}.Release|x86.ActiveCfg = Release|Any CPU
		{C4D480E7-164E-4001-AFEF-CFD95EC7DC4E}.Release|x86.Build.0 = Release|Any CPU
	EndGlobalSection
	GlobalSection(SolutionProperties) = preSolution
		HideSolutionNode = FALSE
	EndGlobalSection
	GlobalSection(NestedProjects) = preSolution
		{384DB7AC-4918-4ABD-9C12-5F673FFB200D} = {9BD0B701-8938-47B7-9310-410F72171C27}
		{808B5265-CBA4-4A6F-84B4-78833C9C6418} = {D9F59369-1816-4FAE-B71F-637741B12872}
		{B3EB0A49-B7AE-4A6B-9986-A6A9F5776174} = {4DC3351F-0B20-4D5E-8727-3730DF7A9B88}
		{C05FCFDC-AC50-4941-8195-3283A862A78D} = {78A450D9-55B2-4D2A-8B3F-CE72C0279B19}
		{73EECDB1-ED6A-4E29-AB40-8D9496D27294} = {A8DD7C3D-B5F4-4702-B368-99EE789BC39D}
		{6DE8715D-17EF-4DDA-926C-8A659DD2C5F5} = {F4693E98-387E-4804-A818-FEC59FEDD41C}
		{28BD869F-529E-45A7-890A-ADAD9757EF07} = {F4693E98-387E-4804-A818-FEC59FEDD41C}
		{E5212369-D3BF-4253-AC2C-BD792D9253D6} = {F4693E98-387E-4804-A818-FEC59FEDD41C}
		{C4D480E7-164E-4001-AFEF-CFD95EC7DC4E} = {F4693E98-387E-4804-A818-FEC59FEDD41C}
		{02EA681E-C7D8-13C7-8484-4AC65E1B71E8} = {8EC462FD-D22E-90A8-E5CE-7E832BA40C5D}
	EndGlobalSection
	GlobalSection(ExtensibilityGlobals) = postSolution
		SolutionGuid = {1065FE9A-2861-410B-8163-E0A227C6BB90}
	EndGlobalSection
	GlobalSection(ExtenMockExamsilityGlobals) = postSolution
		SolutionGuid = {FF5BA500-51EA-4DD9-8523-8EE368731B63}
	EndGlobalSection
EndGlobal
